
Microsoft Visual Studio Solution File, Format Version 12.00
Project("{FAE04EC0-301F-11D3-BF4B-00C04F79EFBC}") = "PaxDrive", "PaxDrive\PaxDrive.csproj", "{1CA4582B-954C-4532-85C0-A3665AFCBED2}"
EndProject
Project("{FAE04EC0-301F-11D3-BF4B-00C04F79EFBC}") = "Test", "Test\Test.csproj", "{0D5F1485-8A18-4984-BE16-ABF695C766F8}"
EndProject
Project("{FAE04EC0-301F-11D3-BF4B-00C04F79EFBC}") = "Test.Nuget", "Test.Nuget\Test.Nuget.csproj", "{55372321-A336-4EBB-93EC-B27913AFC2A4}"
EndProject
Global
	GlobalSection(SolutionConfigurationPlatforms) = preSolution
		Debug|Any CPU = Debug|Any CPU
		Release|Any CPU = Release|Any CPU
	EndGlobalSection
	GlobalSection(ProjectConfigurationPlatforms) = postSolution
		{1CA4582B-954C-4532-85C0-A3665AFCBED2}.Debug|Any CPU.ActiveCfg = Debug|Any CPU
		{1CA4582B-954C-4532-85C0-A3665AFCBED2}.Debug|Any CPU.Build.0 = Debug|Any CPU
		{1CA4582B-954C-4532-85C0-A3665AFCBED2}.Release|Any CPU.ActiveCfg = Release|Any CPU
		{1CA4582B-954C-4532-85C0-A3665AFCBED2}.Release|Any CPU.Build.0 = Release|Any CPU
		{0D5F1485-8A18-4984-BE16-ABF695C766F8}.Debug|Any CPU.ActiveCfg = Debug|Any CPU
		{0D5F1485-8A18-4984-BE16-ABF695C766F8}.Debug|Any CPU.Build.0 = Debug|Any CPU
		{0D5F1485-8A18-4984-BE16-ABF695C766F8}.Release|Any CPU.ActiveCfg = Release|Any CPU
		{0D5F1485-8A18-4984-BE16-ABF695C766F8}.Release|Any CPU.Build.0 = Release|Any CPU
		{55372321-A336-4EBB-93EC-B27913AFC2A4}.Debug|Any CPU.ActiveCfg = Debug|Any CPU
		{55372321-A336-4EBB-93EC-B27913AFC2A4}.Debug|Any CPU.Build.0 = Debug|Any CPU
		{55372321-A336-4EBB-93EC-B27913AFC2A4}.Release|Any CPU.ActiveCfg = Release|Any CPU
		{55372321-A336-4EBB-93EC-B27913AFC2A4}.Release|Any CPU.Build.0 = Release|Any CPU
	EndGlobalSection
EndGlobal
